
Microsoft Visual Studio Solution File, Format Version 12.00
# Visual Studio Version 17
VisualStudioVersion = 17.4.33205.214
MinimumVisualStudioVersion = 10.0.40219.1
Project("{FAE04EC0-301F-11D3-BF4B-00C04F79EFBC}") = "SistemaIntercambioFinal", "SistemaIntercambioFinal.csproj", "{9B1FA590-6CF4-47E0-B02A-CC0646CC697E}"
EndProject
Global
	GlobalSection(SolutionConfigurationPlatforms) = preSolution
		Debug|Any CPU = Debug|Any CPU
		Release|Any CPU = Release|Any CPU
	EndGlobalSection
	GlobalSection(ProjectConfigurationPlatforms) = postSolution
		{9B1FA590-6CF4-47E0-B02A-CC0646CC697E}.Debug|Any CPU.ActiveCfg = Debug|Any CPU
		{9B1FA590-6CF4-47E0-B02A-CC0646CC697E}.Debug|Any CPU.Build.0 = Debug|Any CPU
		{9B1FA590-6CF4-47E0-B02A-CC0646CC697E}.Release|Any CPU.ActiveCfg = Release|Any CPU
		{9B1FA590-6CF4-47E0-B02A-CC0646CC697E}.Release|Any CPU.Build.0 = Release|Any CPU
	EndGlobalSection
	GlobalSection(SolutionProperties) = preSolution
		HideSolutionNode = FALSE
	EndGlobalSection
	GlobalSection(ExtensibilityGlobals) = postSolution
		SolutionGuid = {6FE723BD-0E9F-4901-B692-D2ED2A5A3BBC}
	EndGlobalSection
EndGlobal
